
Microsoft Visual Studio Solution File, Format Version 12.00
# Visual Studio 2013
VisualStudioVersion = 12.0.31101.0
MinimumVisualStudioVersion = 10.0.40219.1
Project("{FAE04EC0-301F-11D3-BF4B-00C04F79EFBC}") = "Product_51172.ASP.NET Application", "ASP.NET\Product_51172.ASP.NET Application.csproj", "{E4C8C57E-639B-49B5-8EFB-1215D50EA141}"
EndProject
Project("{FAE04EC0-301F-11D3-BF4B-00C04F79EFBC}") = "Product_51172.BusinessServers", "BusinessServers\Product_51172.BusinessServers.csproj", "{435B1837-F46F-497F-992A-64302B7677D2}"
EndProject
Project("{FAE04EC0-301F-11D3-BF4B-00C04F79EFBC}") = "Product_51172.Objects", "Objects\Product_51172.Objects.csproj", "{5A130D1A-60A3-44A1-B7B0-89B1E5433FA7}"
EndProject
Global
	GlobalSection(SolutionConfigurationPlatforms) = preSolution
Debug|Any CPU = Debug|Any CPU
Release|Any CPU = Release|Any CPU
	EndGlobalSection
	GlobalSection(ProjectConfigurationPlatforms) = postSolution
		{E4C8C57E-639B-49B5-8EFB-1215D50EA141}.Debug|Any CPU.ActiveCfg = Debug|Any CPU
		{E4C8C57E-639B-49B5-8EFB-1215D50EA141}.Debug|Any CPU.Build.0 = Debug|Any CPU
		{E4C8C57E-639B-49B5-8EFB-1215D50EA141}.Release|Any CPU.ActiveCfg = Release|Any CPU
		{E4C8C57E-639B-49B5-8EFB-1215D50EA141}.Release|Any CPU.Build.0 = Release|Any CPU
		{435B1837-F46F-497F-992A-64302B7677D2}.Debug|Any CPU.ActiveCfg = Debug|Any CPU
		{435B1837-F46F-497F-992A-64302B7677D2}.Debug|Any CPU.Build.0 = Debug|Any CPU
		{435B1837-F46F-497F-992A-64302B7677D2}.Release|Any CPU.ActiveCfg = Release|Any CPU
		{435B1837-F46F-497F-992A-64302B7677D2}.Release|Any CPU.Build.0 = Release|Any CPU
		{5A130D1A-60A3-44A1-B7B0-89B1E5433FA7}.Debug|Any CPU.ActiveCfg = Debug|Any CPU
		{5A130D1A-60A3-44A1-B7B0-89B1E5433FA7}.Debug|Any CPU.Build.0 = Debug|Any CPU
		{5A130D1A-60A3-44A1-B7B0-89B1E5433FA7}.Release|Any CPU.ActiveCfg = Release|Any CPU
		{5A130D1A-60A3-44A1-B7B0-89B1E5433FA7}.Release|Any CPU.Build.0 = Release|Any CPU
	EndGlobalSection
	GlobalSection(SolutionProperties) = preSolution
		HideSolutionNode = FALSE
	EndGlobalSection
EndGlobal
